
Microsoft Visual Studio Solution File, Format Version 12.00
# Visual Studio Version 17
VisualStudioVersion = 17.0.31903.59
MinimumVisualStudioVersion = 10.0.40219.1
Project("{FAE04EC0-301F-11D3-BF4B-00C04F79EFBC}") = "TSS.Audit.Common", "TSS.Audit.Common\TSS.Audit.Common.csproj", "{704B89B3-8F10-40A3-B550-374FA56FB5F0}"
EndProject
Project("{FAE04EC0-301F-11D3-BF4B-00C04F79EFBC}") = "TSS.Audit.Domain", "TSS.Audit.Domain\TSS.Audit.Domain.csproj", "{F1146263-E5E3-4F25-9AFB-775ABD93811A}"
EndProject
Project("{FAE04EC0-301F-11D3-BF4B-00C04F79EFBC}") = "TSS.Audit.DTOs", "TSS.Audit.DTOs\TSS.Audit.DTOs.csproj", "{BF11264D-9909-4258-BDCD-E899F0F602EC}"
EndProject
Project("{FAE04EC0-301F-11D3-BF4B-00C04F79EFBC}") = "TSS.Audit.ExternalServicesClients", "TSS.Audit.ExternalServicesClients\TSS.Audit.ExternalServicesClients.csproj", "{378510BC-16B7-435C-AA7C-B902B5EBD0FA}"
EndProject
Project("{FAE04EC0-301F-11D3-BF4B-00C04F79EFBC}") = "TSS.Audit.ExternalServicesClients.Abstractions", "TSS.Audit.ExternalServicesClients.Abstractions\TSS.Audit.ExternalServicesClients.Abstractions.csproj", "{8B58F913-815F-4873-BA19-EDFB403E6642}"
EndProject
Project("{FAE04EC0-301F-11D3-BF4B-00C04F79EFBC}") = "TSS.Audit.Mapping", "TSS.Audit.Mapping\TSS.Audit.Mapping.csproj", "{EBC3A1D5-C0AE-445B-A0E3-64EF039D2504}"
EndProject
Project("{FAE04EC0-301F-11D3-BF4B-00C04F79EFBC}") = "TSS.Audit.Mapping.ExpressMapper", "TSS.Audit.Mapping.ExpressMapper\TSS.Audit.Mapping.ExpressMapper.csproj", "{AC11FD47-0721-4221-8EAA-ACA4D9AF4DF5}"
EndProject
Project("{FAE04EC0-301F-11D3-BF4B-00C04F79EFBC}") = "TSS.Audit.Persistence", "TSS.Audit.Persistence\TSS.Audit.Persistence.csproj", "{46F5800F-C10E-4312-BFBA-F132F36C90BF}"
EndProject
Project("{FAE04EC0-301F-11D3-BF4B-00C04F79EFBC}") = "TSS.Audit.Persistence.EFCore", "TSS.Audit.Persistence.EFCore\TSS.Audit.Persistence.EFCore.csproj", "{CCE30108-8416-4248-B697-BE5DE1705B23}"
EndProject
Project("{FAE04EC0-301F-11D3-BF4B-00C04F79EFBC}") = "TSS.Audit.Persistence.NPoco", "TSS.Audit.Persistence.NPoco\TSS.Audit.Persistence.NPoco.csproj", "{4413D224-34C5-4CCB-A1D0-3D5FF4DB1F2E}"
EndProject
Project("{FAE04EC0-301F-11D3-BF4B-00C04F79EFBC}") = "TSS.Audit.QueryModel", "TSS.Audit.QueryModel\TSS.Audit.QueryModel.csproj", "{EC83F988-628A-4B50-B3CD-86C406C4BB88}"
EndProject
Project("{FAE04EC0-301F-11D3-BF4B-00C04F79EFBC}") = "TSS.Audit.ReadServices", "TSS.Audit.ReadServices\TSS.Audit.ReadServices.csproj", "{8914CB31-FAD2-4F04-96A5-BD2CB5D72712}"
EndProject
Project("{FAE04EC0-301F-11D3-BF4B-00C04F79EFBC}") = "TSS.Audit.Resources", "TSS.Audit.Resources\TSS.Audit.Resources.csproj", "{7225D24F-4B8D-4B54-9059-46EB6CD77D22}"
EndProject
Project("{FAE04EC0-301F-11D3-BF4B-00C04F79EFBC}") = "TSS.Audit.WebApi", "TSS.Audit.WebApi\TSS.Audit.WebApi.csproj", "{5AAE76C8-7F18-4130-8FB5-603070F4ACC6}"
EndProject
Project("{FAE04EC0-301F-11D3-BF4B-00C04F79EFBC}") = "TSS.Audit.WriteServices", "TSS.Audit.WriteServices\TSS.Audit.WriteServices.csproj", "{4CBCC53F-A702-4174-9829-5BE4BF8306F4}"
EndProject
Global
	GlobalSection(SolutionConfigurationPlatforms) = preSolution
		Debug|Any CPU = Debug|Any CPU
		Debug|x64 = Debug|x64
		Debug|x86 = Debug|x86
		Release|Any CPU = Release|Any CPU
		Release|x64 = Release|x64
		Release|x86 = Release|x86
	EndGlobalSection
	GlobalSection(ProjectConfigurationPlatforms) = postSolution
		{704B89B3-8F10-40A3-B550-374FA56FB5F0}.Debug|Any CPU.ActiveCfg = Debug|Any CPU
		{704B89B3-8F10-40A3-B550-374FA56FB5F0}.Debug|Any CPU.Build.0 = Debug|Any CPU
		{704B89B3-8F10-40A3-B550-374FA56FB5F0}.Debug|x64.ActiveCfg = Debug|Any CPU
		{704B89B3-8F10-40A3-B550-374FA56FB5F0}.Debug|x64.Build.0 = Debug|Any CPU
		{704B89B3-8F10-40A3-B550-374FA56FB5F0}.Debug|x86.ActiveCfg = Debug|Any CPU
		{704B89B3-8F10-40A3-B550-374FA56FB5F0}.Debug|x86.Build.0 = Debug|Any CPU
		{704B89B3-8F10-40A3-B550-374FA56FB5F0}.Release|Any CPU.ActiveCfg = Release|Any CPU
		{704B89B3-8F10-40A3-B550-374FA56FB5F0}.Release|Any CPU.Build.0 = Release|Any CPU
		{704B89B3-8F10-40A3-B550-374FA56FB5F0}.Release|x64.ActiveCfg = Release|Any CPU
		{704B89B3-8F10-40A3-B550-374FA56FB5F0}.Release|x64.Build.0 = Release|Any CPU
		{704B89B3-8F10-40A3-B550-374FA56FB5F0}.Release|x86.ActiveCfg = Release|Any CPU
		{704B89B3-8F10-40A3-B550-374FA56FB5F0}.Release|x86.Build.0 = Release|Any CPU
		{F1146263-E5E3-4F25-9AFB-775ABD93811A}.Debug|Any CPU.ActiveCfg = Debug|Any CPU
		{F1146263-E5E3-4F25-9AFB-775ABD93811A}.Debug|Any CPU.Build.0 = Debug|Any CPU
		{F1146263-E5E3-4F25-9AFB-775ABD93811A}.Debug|x64.ActiveCfg = Debug|Any CPU
		{F1146263-E5E3-4F25-9AFB-775ABD93811A}.Debug|x64.Build.0 = Debug|Any CPU
		{F1146263-E5E3-4F25-9AFB-775ABD93811A}.Debug|x86.ActiveCfg = Debug|Any CPU
		{F1146263-E5E3-4F25-9AFB-775ABD93811A}.Debug|x86.Build.0 = Debug|Any CPU
		{F1146263-E5E3-4F25-9AFB-775ABD93811A}.Release|Any CPU.ActiveCfg = Release|Any CPU
		{F1146263-E5E3-4F25-9AFB-775ABD93811A}.Release|Any CPU.Build.0 = Release|Any CPU
		{F1146263-E5E3-4F25-9AFB-775ABD93811A}.Release|x64.ActiveCfg = Release|Any CPU
		{F1146263-E5E3-4F25-9AFB-775ABD93811A}.Release|x64.Build.0 = Release|Any CPU
		{F1146263-E5E3-4F25-9AFB-775ABD93811A}.Release|x86.ActiveCfg = Release|Any CPU
		{F1146263-E5E3-4F25-9AFB-775ABD93811A}.Release|x86.Build.0 = Release|Any CPU
		{BF11264D-9909-4258-BDCD-E899F0F602EC}.Debug|Any CPU.ActiveCfg = Debug|Any CPU
		{BF11264D-9909-4258-BDCD-E899F0F602EC}.Debug|Any CPU.Build.0 = Debug|Any CPU
		{BF11264D-9909-4258-BDCD-E899F0F602EC}.Debug|x64.ActiveCfg = Debug|Any CPU
		{BF11264D-9909-4258-BDCD-E899F0F602EC}.Debug|x64.Build.0 = Debug|Any CPU
		{BF11264D-9909-4258-BDCD-E899F0F602EC}.Debug|x86.ActiveCfg = Debug|Any CPU
		{BF11264D-9909-4258-BDCD-E899F0F602EC}.Debug|x86.Build.0 = Debug|Any CPU
		{BF11264D-9909-4258-BDCD-E899F0F602EC}.Release|Any CPU.ActiveCfg = Release|Any CPU
		{BF11264D-9909-4258-BDCD-E899F0F602EC}.Release|Any CPU.Build.0 = Release|Any CPU
		{BF11264D-9909-4258-BDCD-E899F0F602EC}.Release|x64.ActiveCfg = Release|Any CPU
		{BF11264D-9909-4258-BDCD-E899F0F602EC}.Release|x64.Build.0 = Release|Any CPU
		{BF11264D-9909-4258-BDCD-E899F0F602EC}.Release|x86.ActiveCfg = Release|Any CPU
		{BF11264D-9909-4258-BDCD-E899F0F602EC}.Release|x86.Build.0 = Release|Any CPU
		{378510BC-16B7-435C-AA7C-B902B5EBD0FA}.Debug|Any CPU.ActiveCfg = Debug|Any CPU
		{378510BC-16B7-435C-AA7C-B902B5EBD0FA}.Debug|Any CPU.Build.0 = Debug|Any CPU
		{378510BC-16B7-435C-AA7C-B902B5EBD0FA}.Debug|x64.ActiveCfg = Debug|Any CPU
		{378510BC-16B7-435C-AA7C-B902B5EBD0FA}.Debug|x64.Build.0 = Debug|Any CPU
		{378510BC-16B7-435C-AA7C-B902B5EBD0FA}.Debug|x86.ActiveCfg = Debug|Any CPU
		{378510BC-16B7-435C-AA7C-B902B5EBD0FA}.Debug|x86.Build.0 = Debug|Any CPU
		{378510BC-16B7-435C-AA7C-B902B5EBD0FA}.Release|Any CPU.ActiveCfg = Release|Any CPU
		{378510BC-16B7-435C-AA7C-B902B5EBD0FA}.Release|Any CPU.Build.0 = Release|Any CPU
		{378510BC-16B7-435C-AA7C-B902B5EBD0FA}.Release|x64.ActiveCfg = Release|Any CPU
		{378510BC-16B7-435C-AA7C-B902B5EBD0FA}.Release|x64.Build.0 = Release|Any CPU
		{378510BC-16B7-435C-AA7C-B902B5EBD0FA}.Release|x86.ActiveCfg = Release|Any CPU
		{378510BC-16B7-435C-AA7C-B902B5EBD0FA}.Release|x86.Build.0 = Release|Any CPU
		{8B58F913-815F-4873-BA19-EDFB403E6642}.Debug|Any CPU.ActiveCfg = Debug|Any CPU
		{8B58F913-815F-4873-BA19-EDFB403E6642}.Debug|Any CPU.Build.0 = Debug|Any CPU
		{8B58F913-815F-4873-BA19-EDFB403E6642}.Debug|x64.ActiveCfg = Debug|Any CPU
		{8B58F913-815F-4873-BA19-EDFB403E6642}.Debug|x64.Build.0 = Debug|Any CPU
		{8B58F913-815F-4873-BA19-EDFB403E6642}.Debug|x86.ActiveCfg = Debug|Any CPU
		{8B58F913-815F-4873-BA19-EDFB403E6642}.Debug|x86.Build.0 = Debug|Any CPU
		{8B58F913-815F-4873-BA19-EDFB403E6642}.Release|Any CPU.ActiveCfg = Release|Any CPU
		{8B58F913-815F-4873-BA19-EDFB403E6642}.Release|Any CPU.Build.0 = Release|Any CPU
		{8B58F913-815F-4873-BA19-EDFB403E6642}.Release|x64.ActiveCfg = Release|Any CPU
		{8B58F913-815F-4873-BA19-EDFB403E6642}.Release|x64.Build.0 = Release|Any CPU
		{8B58F913-815F-4873-BA19-EDFB403E6642}.Release|x86.ActiveCfg = Release|Any CPU
		{8B58F913-815F-4873-BA19-EDFB403E6642}.Release|x86.Build.0 = Release|Any CPU
		{EBC3A1D5-C0AE-445B-A0E3-64EF039D2504}.Debug|Any CPU.ActiveCfg = Debug|Any CPU
		{EBC3A1D5-C0AE-445B-A0E3-64EF039D2504}.Debug|Any CPU.Build.0 = Debug|Any CPU
		{EBC3A1D5-C0AE-445B-A0E3-64EF039D2504}.Debug|x64.ActiveCfg = Debug|Any CPU
		{EBC3A1D5-C0AE-445B-A0E3-64EF039D2504}.Debug|x64.Build.0 = Debug|Any CPU
		{EBC3A1D5-C0AE-445B-A0E3-64EF039D2504}.Debug|x86.ActiveCfg = Debug|Any CPU
		{EBC3A1D5-C0AE-445B-A0E3-64EF039D2504}.Debug|x86.Build.0 = Debug|Any CPU
		{EBC3A1D5-C0AE-445B-A0E3-64EF039D2504}.Release|Any CPU.ActiveCfg = Release|Any CPU
		{EBC3A1D5-C0AE-445B-A0E3-64EF039D2504}.Release|Any CPU.Build.0 = Release|Any CPU
		{EBC3A1D5-C0AE-445B-A0E3-64EF039D2504}.Release|x64.ActiveCfg = Release|Any CPU
		{EBC3A1D5-C0AE-445B-A0E3-64EF039D2504}.Release|x64.Build.0 = Release|Any CPU
		{EBC3A1D5-C0AE-445B-A0E3-64EF039D2504}.Release|x86.ActiveCfg = Release|Any CPU
		{EBC3A1D5-C0AE-445B-A0E3-64EF039D2504}.Release|x86.Build.0 = Release|Any CPU
		{AC11FD47-0721-4221-8EAA-ACA4D9AF4DF5}.Debug|Any CPU.ActiveCfg = Debug|Any CPU
		{AC11FD47-0721-4221-8EAA-ACA4D9AF4DF5}.Debug|Any CPU.Build.0 = Debug|Any CPU
		{AC11FD47-0721-4221-8EAA-ACA4D9AF4DF5}.Debug|x64.ActiveCfg = Debug|Any CPU
		{AC11FD47-0721-4221-8EAA-ACA4D9AF4DF5}.Debug|x64.Build.0 = Debug|Any CPU
		{AC11FD47-0721-4221-8EAA-ACA4D9AF4DF5}.Debug|x86.ActiveCfg = Debug|Any CPU
		{AC11FD47-0721-4221-8EAA-ACA4D9AF4DF5}.Debug|x86.Build.0 = Debug|Any CPU
		{AC11FD47-0721-4221-8EAA-ACA4D9AF4DF5}.Release|Any CPU.ActiveCfg = Release|Any CPU
		{AC11FD47-0721-4221-8EAA-ACA4D9AF4DF5}.Release|Any CPU.Build.0 = Release|Any CPU
		{AC11FD47-0721-4221-8EAA-ACA4D9AF4DF5}.Release|x64.ActiveCfg = Release|Any CPU
		{AC11FD47-0721-4221-8EAA-ACA4D9AF4DF5}.Release|x64.Build.0 = Release|Any CPU
		{AC11FD47-0721-4221-8EAA-ACA4D9AF4DF5}.Release|x86.ActiveCfg = Release|Any CPU
		{AC11FD47-0721-4221-8EAA-ACA4D9AF4DF5}.Release|x86.Build.0 = Release|Any CPU
		{46F5800F-C10E-4312-BFBA-F132F36C90BF}.Debug|Any CPU.ActiveCfg = Debug|Any CPU
		{46F5800F-C10E-4312-BFBA-F132F36C90BF}.Debug|Any CPU.Build.0 = Debug|Any CPU
		{46F5800F-C10E-4312-BFBA-F132F36C90BF}.Debug|x64.ActiveCfg = Debug|Any CPU
		{46F5800F-C10E-4312-BFBA-F132F36C90BF}.Debug|x64.Build.0 = Debug|Any CPU
		{46F5800F-C10E-4312-BFBA-F132F36C90BF}.Debug|x86.ActiveCfg = Debug|Any CPU
		{46F5800F-C10E-4312-BFBA-F132F36C90BF}.Debug|x86.Build.0 = Debug|Any CPU
		{46F5800F-C10E-4312-BFBA-F132F36C90BF}.Release|Any CPU.ActiveCfg = Release|Any CPU
		{46F5800F-C10E-4312-BFBA-F132F36C90BF}.Release|Any CPU.Build.0 = Release|Any CPU
		{46F5800F-C10E-4312-BFBA-F132F36C90BF}.Release|x64.ActiveCfg = Release|Any CPU
		{46F5800F-C10E-4312-BFBA-F132F36C90BF}.Release|x64.Build.0 = Release|Any CPU
		{46F5800F-C10E-4312-BFBA-F132F36C90BF}.Release|x86.ActiveCfg = Release|Any CPU
		{46F5800F-C10E-4312-BFBA-F132F36C90BF}.Release|x86.Build.0 = Release|Any CPU
		{CCE30108-8416-4248-B697-BE5DE1705B23}.Debug|Any CPU.ActiveCfg = Debug|Any CPU
		{CCE30108-8416-4248-B697-BE5DE1705B23}.Debug|Any CPU.Build.0 = Debug|Any CPU
		{CCE30108-8416-4248-B697-BE5DE1705B23}.Debug|x64.ActiveCfg = Debug|Any CPU
		{CCE30108-8416-4248-B697-BE5DE1705B23}.Debug|x64.Build.0 = Debug|Any CPU
		{CCE30108-8416-4248-B697-BE5DE1705B23}.Debug|x86.ActiveCfg = Debug|Any CPU
		{CCE30108-8416-4248-B697-BE5DE1705B23}.Debug|x86.Build.0 = Debug|Any CPU
		{CCE30108-8416-4248-B697-BE5DE1705B23}.Release|Any CPU.ActiveCfg = Release|Any CPU
		{CCE30108-8416-4248-B697-BE5DE1705B23}.Release|Any CPU.Build.0 = Release|Any CPU
		{CCE30108-8416-4248-B697-BE5DE1705B23}.Release|x64.ActiveCfg = Release|Any CPU
		{CCE30108-8416-4248-B697-BE5DE1705B23}.Release|x64.Build.0 = Release|Any CPU
		{CCE30108-8416-4248-B697-BE5DE1705B23}.Release|x86.ActiveCfg = Release|Any CPU
		{CCE30108-8416-4248-B697-BE5DE1705B23}.Release|x86.Build.0 = Release|Any CPU
		{4413D224-34C5-4CCB-A1D0-3D5FF4DB1F2E}.Debug|Any CPU.ActiveCfg = Debug|Any CPU
		{4413D224-34C5-4CCB-A1D0-3D5FF4DB1F2E}.Debug|Any CPU.Build.0 = Debug|Any CPU
		{4413D224-34C5-4CCB-A1D0-3D5FF4DB1F2E}.Debug|x64.ActiveCfg = Debug|Any CPU
		{4413D224-34C5-4CCB-A1D0-3D5FF4DB1F2E}.Debug|x64.Build.0 = Debug|Any CPU
		{4413D224-34C5-4CCB-A1D0-3D5FF4DB1F2E}.Debug|x86.ActiveCfg = Debug|Any CPU
		{4413D224-34C5-4CCB-A1D0-3D5FF4DB1F2E}.Debug|x86.Build.0 = Debug|Any CPU
		{4413D224-34C5-4CCB-A1D0-3D5FF4DB1F2E}.Release|Any CPU.ActiveCfg = Release|Any CPU
		{4413D224-34C5-4CCB-A1D0-3D5FF4DB1F2E}.Release|Any CPU.Build.0 = Release|Any CPU
		{4413D224-34C5-4CCB-A1D0-3D5FF4DB1F2E}.Release|x64.ActiveCfg = Release|Any CPU
		{4413D224-34C5-4CCB-A1D0-3D5FF4DB1F2E}.Release|x64.Build.0 = Release|Any CPU
		{4413D224-34C5-4CCB-A1D0-3D5FF4DB1F2E}.Release|x86.ActiveCfg = Release|Any CPU
		{4413D224-34C5-4CCB-A1D0-3D5FF4DB1F2E}.Release|x86.Build.0 = Release|Any CPU
		{EC83F988-628A-4B50-B3CD-86C406C4BB88}.Debug|Any CPU.ActiveCfg = Debug|Any CPU
		{EC83F988-628A-4B50-B3CD-86C406C4BB88}.Debug|Any CPU.Build.0 = Debug|Any CPU
		{EC83F988-628A-4B50-B3CD-86C406C4BB88}.Debug|x64.ActiveCfg = Debug|Any CPU
		{EC83F988-628A-4B50-B3CD-86C406C4BB88}.Debug|x64.Build.0 = Debug|Any CPU
		{EC83F988-628A-4B50-B3CD-86C406C4BB88}.Debug|x86.ActiveCfg = Debug|Any CPU
		{EC83F988-628A-4B50-B3CD-86C406C4BB88}.Debug|x86.Build.0 = Debug|Any CPU
		{EC83F988-628A-4B50-B3CD-86C406C4BB88}.Release|Any CPU.ActiveCfg = Release|Any CPU
		{EC83F988-628A-4B50-B3CD-86C406C4BB88}.Release|Any CPU.Build.0 = Release|Any CPU
		{EC83F988-628A-4B50-B3CD-86C406C4BB88}.Release|x64.ActiveCfg = Release|Any CPU
		{EC83F988-628A-4B50-B3CD-86C406C4BB88}.Release|x64.Build.0 = Release|Any CPU
		{EC83F988-628A-4B50-B3CD-86C406C4BB88}.Release|x86.ActiveCfg = Release|Any CPU
		{EC83F988-628A-4B50-B3CD-86C406C4BB88}.Release|x86.Build.0 = Release|Any CPU
		{8914CB31-FAD2-4F04-96A5-BD2CB5D72712}.Debug|Any CPU.ActiveCfg = Debug|Any CPU
		{8914CB31-FAD2-4F04-96A5-BD2CB5D72712}.Debug|Any CPU.Build.0 = Debug|Any CPU
		{8914CB31-FAD2-4F04-96A5-BD2CB5D72712}.Debug|x64.ActiveCfg = Debug|Any CPU
		{8914CB31-FAD2-4F04-96A5-BD2CB5D72712}.Debug|x64.Build.0 = Debug|Any CPU
		{8914CB31-FAD2-4F04-96A5-BD2CB5D72712}.Debug|x86.ActiveCfg = Debug|Any CPU
		{8914CB31-FAD2-4F04-96A5-BD2CB5D72712}.Debug|x86.Build.0 = Debug|Any CPU
		{8914CB31-FAD2-4F04-96A5-BD2CB5D72712}.Release|Any CPU.ActiveCfg = Release|Any CPU
		{8914CB31-FAD2-4F04-96A5-BD2CB5D72712}.Release|Any CPU.Build.0 = Release|Any CPU
		{8914CB31-FAD2-4F04-96A5-BD2CB5D72712}.Release|x64.ActiveCfg = Release|Any CPU
		{8914CB31-FAD2-4F04-96A5-BD2CB5D72712}.Release|x64.Build.0 = Release|Any CPU
		{8914CB31-FAD2-4F04-96A5-BD2CB5D72712}.Release|x86.ActiveCfg = Release|Any CPU
		{8914CB31-FAD2-4F04-96A5-BD2CB5D72712}.Release|x86.Build.0 = Release|Any CPU
		{7225D24F-4B8D-4B54-9059-46EB6CD77D22}.Debug|Any CPU.ActiveCfg = Debug|Any CPU
		{7225D24F-4B8D-4B54-9059-46EB6CD77D22}.Debug|Any CPU.Build.0 = Debug|Any CPU
		{7225D24F-4B8D-4B54-9059-46EB6CD77D22}.Debug|x64.ActiveCfg = Debug|Any CPU
		{7225D24F-4B8D-4B54-9059-46EB6CD77D22}.Debug|x64.Build.0 = Debug|Any CPU
		{7225D24F-4B8D-4B54-9059-46EB6CD77D22}.Debug|x86.ActiveCfg = Debug|Any CPU
		{7225D24F-4B8D-4B54-9059-46EB6CD77D22}.Debug|x86.Build.0 = Debug|Any CPU
		{7225D24F-4B8D-4B54-9059-46EB6CD77D22}.Release|Any CPU.ActiveCfg = Release|Any CPU
		{7225D24F-4B8D-4B54-9059-46EB6CD77D22}.Release|Any CPU.Build.0 = Release|Any CPU
		{7225D24F-4B8D-4B54-9059-46EB6CD77D22}.Release|x64.ActiveCfg = Release|Any CPU
		{7225D24F-4B8D-4B54-9059-46EB6CD77D22}.Release|x64.Build.0 = Release|Any CPU
		{7225D24F-4B8D-4B54-9059-46EB6CD77D22}.Release|x86.ActiveCfg = Release|Any CPU
		{7225D24F-4B8D-4B54-9059-46EB6CD77D22}.Release|x86.Build.0 = Release|Any CPU
		{5AAE76C8-7F18-4130-8FB5-603070F4ACC6}.Debug|Any CPU.ActiveCfg = Debug|Any CPU
		{5AAE76C8-7F18-4130-8FB5-603070F4ACC6}.Debug|Any CPU.Build.0 = Debug|Any CPU
		{5AAE76C8-7F18-4130-8FB5-603070F4ACC6}.Debug|x64.ActiveCfg = Debug|Any CPU
		{5AAE76C8-7F18-4130-8FB5-603070F4ACC6}.Debug|x64.Build.0 = Debug|Any CPU
		{5AAE76C8-7F18-4130-8FB5-603070F4ACC6}.Debug|x86.ActiveCfg = Debug|Any CPU
		{5AAE76C8-7F18-4130-8FB5-603070F4ACC6}.Debug|x86.Build.0 = Debug|Any CPU
		{5AAE76C8-7F18-4130-8FB5-603070F4ACC6}.Release|Any CPU.ActiveCfg = Release|Any CPU
		{5AAE76C8-7F18-4130-8FB5-603070F4ACC6}.Release|Any CPU.Build.0 = Release|Any CPU
		{5AAE76C8-7F18-4130-8FB5-603070F4ACC6}.Release|x64.ActiveCfg = Release|Any CPU
		{5AAE76C8-7F18-4130-8FB5-603070F4ACC6}.Release|x64.Build.0 = Release|Any CPU
		{5AAE76C8-7F18-4130-8FB5-603070F4ACC6}.Release|x86.ActiveCfg = Release|Any CPU
		{5AAE76C8-7F18-4130-8FB5-603070F4ACC6}.Release|x86.Build.0 = Release|Any CPU
		{4CBCC53F-A702-4174-9829-5BE4BF8306F4}.Debug|Any CPU.ActiveCfg = Debug|Any CPU
		{4CBCC53F-A702-4174-9829-5BE4BF8306F4}.Debug|Any CPU.Build.0 = Debug|Any CPU
		{4CBCC53F-A702-4174-9829-5BE4BF8306F4}.Debug|x64.ActiveCfg = Debug|Any CPU
		{4CBCC53F-A702-4174-9829-5BE4BF8306F4}.Debug|x64.Build.0 = Debug|Any CPU
		{4CBCC53F-A702-4174-9829-5BE4BF8306F4}.Debug|x86.ActiveCfg = Debug|Any CPU
		{4CBCC53F-A702-4174-9829-5BE4BF8306F4}.Debug|x86.Build.0 = Debug|Any CPU
		{4CBCC53F-A702-4174-9829-5BE4BF8306F4}.Release|Any CPU.ActiveCfg = Release|Any CPU
		{4CBCC53F-A702-4174-9829-5BE4BF8306F4}.Release|Any CPU.Build.0 = Release|Any CPU
		{4CBCC53F-A702-4174-9829-5BE4BF8306F4}.Release|x64.ActiveCfg = Release|Any CPU
		{4CBCC53F-A702-4174-9829-5BE4BF8306F4}.Release|x64.Build.0 = Release|Any CPU
		{4CBCC53F-A702-4174-9829-5BE4BF8306F4}.Release|x86.ActiveCfg = Release|Any CPU
		{4CBCC53F-A702-4174-9829-5BE4BF8306F4}.Release|x86.Build.0 = Release|Any CPU
	EndGlobalSection
	GlobalSection(SolutionProperties) = preSolution
		HideSolutionNode = FALSE
	EndGlobalSection
	GlobalSection(ExtensibilityGlobals) = postSolution
		SolutionGuid = {3C010E0B-36C8-4FF2-B33B-E919BDC39BC1}
	EndGlobalSection
EndGlobal
